
Microsoft Visual Studio Solution File, Format Version 12.00
# Visual Studio Version 17
VisualStudioVersion = 17.11.35222.181
MinimumVisualStudioVersion = 10.0.40219.1
Project("{FAE04EC0-301F-11D3-BF4B-00C04F79EFBC}") = "BoutiqueEnLigne", "BoutiqueEnLigne.csproj", "{8FC2815A-48BF-4CAB-9220-FB65A74D2FAD}"
EndProject
Project("{FAE04EC0-301F-11D3-BF4B-00C04F79EFBC}") = "Projet_Boutique.BLL", "..\Projet_Boutique.BLL\Projet_Boutique.BLL.csproj", "{3D504709-0192-4F18-9CDB-5D70C18A0DC6}"
EndProject
Project("{FAE04EC0-301F-11D3-BF4B-00C04F79EFBC}") = "Projet_Boutique.DAL", "..\Projet_Boutique.DAL\Projet_Boutique.DAL.csproj", "{6D2C3C94-C545-4095-981F-D38A42A89BB2}"
EndProject
Global
	GlobalSection(SolutionConfigurationPlatforms) = preSolution
		Debug|Any CPU = Debug|Any CPU
		Release|Any CPU = Release|Any CPU
	EndGlobalSection
	GlobalSection(ProjectConfigurationPlatforms) = postSolution
		{8FC2815A-48BF-4CAB-9220-FB65A74D2FAD}.Debug|Any CPU.ActiveCfg = Debug|Any CPU
		{8FC2815A-48BF-4CAB-9220-FB65A74D2FAD}.Debug|Any CPU.Build.0 = Debug|Any CPU
		{8FC2815A-48BF-4CAB-9220-FB65A74D2FAD}.Release|Any CPU.ActiveCfg = Release|Any CPU
		{8FC2815A-48BF-4CAB-9220-FB65A74D2FAD}.Release|Any CPU.Build.0 = Release|Any CPU
		{3D504709-0192-4F18-9CDB-5D70C18A0DC6}.Debug|Any CPU.ActiveCfg = Debug|Any CPU
		{3D504709-0192-4F18-9CDB-5D70C18A0DC6}.Debug|Any CPU.Build.0 = Debug|Any CPU
		{3D504709-0192-4F18-9CDB-5D70C18A0DC6}.Release|Any CPU.ActiveCfg = Release|Any CPU
		{3D504709-0192-4F18-9CDB-5D70C18A0DC6}.Release|Any CPU.Build.0 = Release|Any CPU
		{6D2C3C94-C545-4095-981F-D38A42A89BB2}.Debug|Any CPU.ActiveCfg = Debug|Any CPU
		{6D2C3C94-C545-4095-981F-D38A42A89BB2}.Debug|Any CPU.Build.0 = Debug|Any CPU
		{6D2C3C94-C545-4095-981F-D38A42A89BB2}.Release|Any CPU.ActiveCfg = Release|Any CPU
		{6D2C3C94-C545-4095-981F-D38A42A89BB2}.Release|Any CPU.Build.0 = Release|Any CPU
	EndGlobalSection
	GlobalSection(SolutionProperties) = preSolution
		HideSolutionNode = FALSE
	EndGlobalSection
	GlobalSection(ExtensibilityGlobals) = postSolution
		SolutionGuid = {971377F9-AEEF-4203-BD51-853CC3B4F7E9}
	EndGlobalSection
EndGlobal
